// !$*UTF8*$!
{
	archiveVersion = 1;
	classes = {
	};
	objectVersion = 56;
	objects = {

/* Begin PBXBuildFile section */
		CCF09AE32C5156D80041A1E5 /* AppDelegate.swift in Sources */ = {isa = PBXBuildFile; fileRef = CCF09AE22C5156D80041A1E5 /* AppDelegate.swift */; };
		CCF09AE52C5156D80041A1E5 /* SceneDelegate.swift in Sources */ = {isa = PBXBuildFile; fileRef = CCF09AE42C5156D80041A1E5 /* SceneDelegate.swift */; };
		CCF09AE72C5156D80041A1E5 /* NotesVC.swift in Sources */ = {isa = PBXBuildFile; fileRef = CCF09AE62C5156D80041A1E5 /* NotesVC.swift */; };
		CCF09AEA2C5156D80041A1E5 /* Base in Resources */ = {isa = PBXBuildFile; fileRef = CCF09AE92C5156D80041A1E5 /* Base */; };
		CCF09AED2C5156D80041A1E5 /* MyNoteApp.xcdatamodeld in Sources */ = {isa = PBXBuildFile; fileRef = CCF09AEB2C5156D80041A1E5 /* MyNoteApp.xcdatamodeld */; };
		CCF09AEF2C5156DA0041A1E5 /* Assets.xcassets in Resources */ = {isa = PBXBuildFile; fileRef = CCF09AEE2C5156DA0041A1E5 /* Assets.xcassets */; };
		CCF09AF22C5156DA0041A1E5 /* Base in Resources */ = {isa = PBXBuildFile; fileRef = CCF09AF12C5156DA0041A1E5 /* Base */; };
		CCF09AFC2C5157120041A1E5 /* AddVC.swift in Sources */ = {isa = PBXBuildFile; fileRef = CCF09AFB2C5157120041A1E5 /* AddVC.swift */; };
/* End PBXBuildFile section */

/* Begin PBXFileReference section */
		CCF09ADF2C5156D80041A1E5 /* MyNoteApp.app */ = {isa = PBXFileReference; explicitFileType = wrapper.application; includeInIndex = 0; path = MyNoteApp.app; sourceTree = BUILT_PRODUCTS_DIR; };
		CCF09AE22C5156D80041A1E5 /* AppDelegate.swift */ = {isa = PBXFileReference; lastKnownFileType = sourcecode.swift; path = AppDelegate.swift; sourceTree = "<group>"; };
		CCF09AE42C5156D80041A1E5 /* SceneDelegate.swift */ = {isa = PBXFileReference; lastKnownFileType = sourcecode.swift; path = SceneDelegate.swift; sourceTree = "<group>"; };
		CCF09AE62C5156D80041A1E5 /* NotesVC.swift */ = {isa = PBXFileReference; lastKnownFileType = sourcecode.swift; path = NotesVC.swift; sourceTree = "<group>"; };
		CCF09AE92C5156D80041A1E5 /* Base */ = {isa = PBXFileReference; lastKnownFileType = file.storyboard; name = Base; path = Base.lproj/Main.storyboard; sourceTree = "<group>"; };
		CCF09AEC2C5156D80041A1E5 /* MyNoteApp.xcdatamodel */ = {isa = PBXFileReference; lastKnownFileType = wrapper.xcdatamodel; path = MyNoteApp.xcdatamodel; sourceTree = "<group>"; };
		CCF09AEE2C5156DA0041A1E5 /* Assets.xcassets */ = {isa = PBXFileReference; lastKnownFileType = folder.assetcatalog; path = Assets.xcassets; sourceTree = "<group>"; };
		CCF09AF12C5156DA0041A1E5 /* Base */ = {isa = PBXFileReference; lastKnownFileType = file.storyboard; name = Base; path = Base.lproj/LaunchScreen.storyboard; sourceTree = "<group>"; };
		CCF09AF32C5156DA0041A1E5 /* Info.plist */ = {isa = PBXFileReference; lastKnownFileType = text.plist.xml; path = Info.plist; sourceTree = "<group>"; };
		CCF09AFB2C5157120041A1E5 /* AddVC.swift */ = {isa = PBXFileReference; lastKnownFileType = sourcecode.swift; path = AddVC.swift; sourceTree = "<group>"; };
/* End PBXFileReference section */

/* Begin PBXFrameworksBuildPhase section */
		CCF09ADC2C5156D80041A1E5 /* Frameworks */ = {
			isa = PBXFrameworksBuildPhase;
			buildActionMask = 2147483647;
			files = (
			);
			runOnlyForDeploymentPostprocessing = 0;
		};
/* End PBXFrameworksBuildPhase section */

/* Begin PBXGroup section */
		CCF09AD62C5156D80041A1E5 = {
			isa = PBXGroup;
			children = (
				CCF09AE12C5156D80041A1E5 /* MyNoteApp */,
				CCF09AE02C5156D80041A1E5 /* Products */,
			);
			sourceTree = "<group>";
		};
		CCF09AE02C5156D80041A1E5 /* Products */ = {
			isa = PBXGroup;
			children = (
				CCF09ADF2C5156D80041A1E5 /* MyNoteApp.app */,
			);
			name = Products;
			sourceTree = "<group>";
		};
		CCF09AE12C5156D80041A1E5 /* MyNoteApp */ = {
			isa = PBXGroup;
			children = (
				CCF09AE22C5156D80041A1E5 /* AppDelegate.swift */,
				CCF09AE42C5156D80041A1E5 /* SceneDelegate.swift */,
				CCF09AFB2C5157120041A1E5 /* AddVC.swift */,
				CCF09AE62C5156D80041A1E5 /* NotesVC.swift */,
				CCF09AE82C5156D80041A1E5 /* Main.storyboard */,
				CCF09AEE2C5156DA0041A1E5 /* Assets.xcassets */,
				CCF09AF02C5156DA0041A1E5 /* LaunchScreen.storyboard */,
				CCF09AF32C5156DA0041A1E5 /* Info.plist */,
				CCF09AEB2C5156D80041A1E5 /* MyNoteApp.xcdatamodeld */,
			);
			path = MyNoteApp;
			sourceTree = "<group>";
		};
/* End PBXGroup section */

/* Begin PBXNativeTarget section */
		CCF09ADE2C5156D80041A1E5 /* MyNoteApp */ = {
			isa = PBXNativeTarget;
			buildConfigurationList = CCF09AF62C5156DA0041A1E5 /* Build configuration list for PBXNativeTarget "MyNoteApp" */;
			buildPhases = (
				CCF09ADB2C5156D80041A1E5 /* Sources */,
				CCF09ADC2C5156D80041A1E5 /* Frameworks */,
				CCF09ADD2C5156D80041A1E5 /* Resources */,
			);
			buildRules = (
			);
			dependencies = (
			);
			name = MyNoteApp;
			productName = MyNoteApp;
			productReference = CCF09ADF2C5156D80041A1E5 /* MyNoteApp.app */;
			productType = "com.apple.product-type.application";
		};
/* End PBXNativeTarget section */

/* Begin PBXProject section */
		CCF09AD72C5156D80041A1E5 /* Project object */ = {
			isa = PBXProject;
			attributes = {
				BuildIndependentTargetsInParallel = 1;
				LastSwiftUpdateCheck = 1540;
				LastUpgradeCheck = 1540;
				TargetAttributes = {
					CCF09ADE2C5156D80041A1E5 = {
						CreatedOnToolsVersion = 15.4;
					};
				};
			};
			buildConfigurationList = CCF09ADA2C5156D80041A1E5 /* Build configuration list for PBXProject "MyNoteApp" */;
			compatibilityVersion = "Xcode 14.0";
			developmentRegion = en;
			hasScannedForEncodings = 0;
			knownRegions = (
				en,
				Base,
			);
			mainGroup = CCF09AD62C5156D80041A1E5;
			productRefGroup = CCF09AE02C5156D80041A1E5 /* Products */;
			projectDirPath = "";
			projectRoot = "";
			targets = (
				CCF09ADE2C5156D80041A1E5 /* MyNoteApp */,
			);
		};
/* End PBXProject section */

/* Begin PBXResourcesBuildPhase section */
		CCF09ADD2C5156D80041A1E5 /* Resources */ = {
			isa = PBXResourcesBuildPhase;
			buildActionMask = 2147483647;
			files = (
				CCF09AEF2C5156DA0041A1E5 /* Assets.xcassets in Resources */,
				CCF09AF22C5156DA0041A1E5 /* Base in Resources */,
				CCF09AEA2C5156D80041A1E5 /* Base in Resources */,
			);
			runOnlyForDeploymentPostprocessing = 0;
		};
/* End PBXResourcesBuildPhase section */

/* Begin PBXSourcesBuildPhase section */
		CCF09ADB2C5156D80041A1E5 /* Sources */ = {
			isa = PBXSourcesBuildPhase;
			buildActionMask = 2147483647;
			files = (
				CCF09AE72C5156D80041A1E5 /* NotesVC.swift in Sources */,
				CCF09AE32C5156D80041A1E5 /* AppDelegate.swift in Sources */,
				CCF09AE52C5156D80041A1E5 /* SceneDelegate.swift in Sources */,
				CCF09AED2C5156D80041A1E5 /* MyNoteApp.xcdatamodeld in Sources */,
				CCF09AFC2C5157120041A1E5 /* AddVC.swift in Sources */,
			);
			runOnlyForDeploymentPostprocessing = 0;
		};
/* End PBXSourcesBuildPhase section */

/* Begin PBXVariantGroup section */
		CCF09AE82C5156D80041A1E5 /* Main.storyboard */ = {
			isa = PBXVariantGroup;
			children = (
				CCF09AE92C5156D80041A1E5 /* Base */,
			);
			name = Main.storyboard;
			sourceTree = "<group>";
		};
		CCF09AF02C5156DA0041A1E5 /* LaunchScreen.storyboard */ = {
			isa = PBXVariantGroup;
			children = (
				CCF09AF12C5156DA0041A1E5 /* Base */,
			);
			name = LaunchScreen.storyboard;
			sourceTree = "<group>";
		};
/* End PBXVariantGroup section */

/* Begin XCBuildConfiguration section */
		CCF09AF42C5156DA0041A1E5 /* Debug */ = {
			isa = XCBuildConfiguration;
			buildSettings = {
				ALWAYS_SEARCH_USER_PATHS = NO;
				ASSETCATALOG_COMPILER_GENERATE_SWIFT_ASSET_SYMBOL_EXTENSIONS = YES;
				CLANG_ANALYZER_NONNULL = YES;
				CLANG_ANALYZER_NUMBER_OBJECT_CONVERSION = YES_AGGRESSIVE;
				CLANG_CXX_LANGUAGE_STANDARD = "gnu++20";
				CLANG_ENABLE_MODULES = YES;
				CLANG_ENABLE_OBJC_ARC = YES;
				CLANG_ENABLE_OBJC_WEAK = YES;
				CLANG_WARN_BLOCK_CAPTURE_AUTORELEASING = YES;
				CLANG_WARN_BOOL_CONVERSION = YES;
				CLANG_WARN_COMMA = YES;
				CLANG_WARN_CONSTANT_CONVERSION = YES;
				CLANG_WARN_DEPRECATED_OBJC_IMPLEMENTATIONS = YES;
				CLANG_WARN_DIRECT_OBJC_ISA_USAGE = YES_ERROR;
				CLANG_WARN_DOCUMENTATION_COMMENTS = YES;
				CLANG_WARN_EMPTY_BODY = YES;
				CLANG_WARN_ENUM_CONVERSION = YES;
				CLANG_WARN_INFINITE_RECURSION = YES;
				CLANG_WARN_INT_CONVERSION = YES;
				CLANG_WARN_NON_LITERAL_NULL_CONVERSION = YES;
				CLANG_WARN_OBJC_IMPLICIT_RETAIN_SELF = YES;
				CLANG_WARN_OBJC_LITERAL_CONVERSION = YES;
				CLANG_WARN_OBJC_ROOT_CLASS = YES_ERROR;
				CLANG_WARN_QUOTED_INCLUDE_IN_FRAMEWORK_HEADER = YES;
				CLANG_WARN_RANGE_LOOP_ANALYSIS = YES;
				CLANG_WARN_STRICT_PROTOTYPES = YES;
				CLANG_WARN_SUSPICIOUS_MOVE = YES;
				CLANG_WARN_UNGUARDED_AVAILABILITY = YES_AGGRESSIVE;
				CLANG_WARN_UNREACHABLE_CODE = YES;
				CLANG_WARN__DUPLICATE_METHOD_MATCH = YES;
				COPY_PHASE_STRIP = NO;
				DEBUG_INFORMATION_FORMAT = dwarf;
				ENABLE_STRICT_OBJC_MSGSEND = YES;
				ENABLE_TESTABILITY = YES;
				ENABLE_USER_SCRIPT_SANDBOXING = YES;
				GCC_C_LANGUAGE_STANDARD = gnu17;
				GCC_DYNAMIC_NO_PIC = NO;
				GCC_NO_COMMON_BLOCKS = YES;
				GCC_OPTIMIZATION_LEVEL = 0;
				GCC_PREPROCESSOR_DEFINITIONS = (
					"DEBUG=1",
					"$(inherited)",
				);
				GCC_WARN_64_TO_32_BIT_CONVERSION = YES;
				GCC_WARN_ABOUT_RETURN_TYPE = YES_ERROR;
				GCC_WARN_UNDECLARED_SELECTOR = YES;
				GCC_WARN_UNINITIALIZED_AUTOS = YES_AGGRESSIVE;
				GCC_WARN_UNUSED_FUNCTION = YES;
				GCC_WARN_UNUSED_VARIABLE = YES;
				IPHONEOS_DEPLOYMENT_TARGET = 17.5;
				LOCALIZATION_PREFERS_STRING_CATALOGS = YES;
				MTL_ENABLE_DEBUG_INFO = INCLUDE_SOURCE;
				MTL_FAST_MATH = YES;
				ONLY_ACTIVE_ARCH = YES;
				SDKROOT = iphoneos;
				SWIFT_ACTIVE_COMPILATION_CONDITIONS = "DEBUG $(inherited)";
				SWIFT_OPTIMIZATION_LEVEL = "-Onone";
			};
			name = Debug;
		};
		CCF09AF52C5156DA0041A1E5 /* Release */ = {
			isa = XCBuildConfiguration;
			buildSettings = {
				ALWAYS_SEARCH_USER_PATHS = NO;
				ASSETCATALOG_COMPILER_GENERATE_SWIFT_ASSET_SYMBOL_EXTENSIONS = YES;
				CLANG_ANALYZER_NONNULL = YES;
				CLANG_ANALYZER_NUMBER_OBJECT_CONVERSION = YES_AGGRESSIVE;
				CLANG_CXX_LANGUAGE_STANDARD = "gnu++20";
				CLANG_ENABLE_MODULES = YES;
				CLANG_ENABLE_OBJC_ARC = YES;
				CLANG_ENABLE_OBJC_WEAK = YES;
				CLANG_WARN_BLOCK_CAPTURE_AUTORELEASING = YES;
				CLANG_WARN_BOOL_CONVERSION = YES;
				CLANG_WARN_COMMA = YES;
				CLANG_WARN_CONSTANT_CONVERSION = YES;
				CLANG_WARN_DEPRECATED_OBJC_IMPLEMENTATIONS = YES;
				CLANG_WARN_DIRECT_OBJC_ISA_USAGE = YES_ERROR;
				CLANG_WARN_DOCUMENTATION_COMMENTS = YES;
				CLANG_WARN_EMPTY_BODY = YES;
				CLANG_WARN_ENUM_CONVERSION = YES;
				CLANG_WARN_INFINITE_RECURSION = YES;
				CLANG_WARN_INT_CONVERSION = YES;
				CLANG_WARN_NON_LITERAL_NULL_CONVERSION = YES;
				CLANG_WARN_OBJC_IMPLICIT_RETAIN_SELF = YES;
				CLANG_WARN_OBJC_LITERAL_CONVERSION = YES;
				CLANG_WARN_OBJC_ROOT_CLASS = YES_ERROR;
				CLANG_WARN_QUOTED_INCLUDE_IN_FRAMEWORK_HEADER = YES;
				CLANG_WARN_RANGE_LOOP_ANALYSIS = YES;
				CLANG_WARN_STRICT_PROTOTYPES = YES;
				CLANG_WARN_SUSPICIOUS_MOVE = YES;
				CLANG_WARN_UNGUARDED_AVAILABILITY = YES_AGGRESSIVE;
				CLANG_WARN_UNREACHABLE_CODE = YES;
				CLANG_WARN__DUPLICATE_METHOD_MATCH = YES;
				COPY_PHASE_STRIP = NO;
				DEBUG_INFORMATION_FORMAT = "dwarf-with-dsym";
				ENABLE_NS_ASSERTIONS = NO;
				ENABLE_STRICT_OBJC_MSGSEND = YES;
				ENABLE_USER_SCRIPT_SANDBOXING = YES;
				GCC_C_LANGUAGE_STANDARD = gnu17;
				GCC_NO_COMMON_BLOCKS = YES;
				GCC_WARN_64_TO_32_BIT_CONVERSION = YES;
				GCC_WARN_ABOUT_RETURN_TYPE = YES_ERROR;
				GCC_WARN_UNDECLARED_SELECTOR = YES;
				GCC_WARN_UNINITIALIZED_AUTOS = YES_AGGRESSIVE;
				GCC_WARN_UNUSED_FUNCTION = YES;
				GCC_WARN_UNUSED_VARIABLE = YES;
				IPHONEOS_DEPLOYMENT_TARGET = 17.5;
				LOCALIZATION_PREFERS_STRING_CATALOGS = YES;
				MTL_ENABLE_DEBUG_INFO = NO;
				MTL_FAST_MATH = YES;
				SDKROOT = iphoneos;
				SWIFT_COMPILATION_MODE = wholemodule;
				VALIDATE_PRODUCT = YES;
			};
			name = Release;
		};
		CCF09AF72C5156DA0041A1E5 /* Debug */ = {
			isa = XCBuildConfiguration;
			buildSettings = {
				ASSETCATALOG_COMPILER_APPICON_NAME = AppIcon;
				ASSETCATALOG_COMPILER_GLOBAL_ACCENT_COLOR_NAME = AccentColor;
				CODE_SIGN_STYLE = Automatic;
				CURRENT_PROJECT_VERSION = 1;
				DEVELOPMENT_TEAM = 3G9MAS76KK;
				GENERATE_INFOPLIST_FILE = YES;
				INFOPLIST_FILE = MyNoteApp/Info.plist;
				INFOPLIST_KEY_UIApplicationSupportsIndirectInputEvents = YES;
				INFOPLIST_KEY_UILaunchStoryboardName = LaunchScreen;
				INFOPLIST_KEY_UIMainStoryboardFile = Main;
				INFOPLIST_KEY_UISupportedInterfaceOrientations_iPad = "UIInterfaceOrientationPortrait UIInterfaceOrientationPortraitUpsideDown UIInterfaceOrientationLandscapeLeft UIInterfaceOrientationLandscapeRight";
				INFOPLIST_KEY_UISupportedInterfaceOrientations_iPhone = "UIInterfaceOrientationPortrait UIInterfaceOrientationLandscapeLeft UIInterfaceOrientationLandscapeRight";
				LD_RUNPATH_SEARCH_PATHS = (
					"$(inherited)",
					"@executable_path/Frameworks",
				);
				MARKETING_VERSION = 1.0;
				PRODUCT_BUNDLE_IDENTIFIER = com.oguz.MyNoteApp;
				PRODUCT_NAME = "$(TARGET_NAME)";
				SWIFT_EMIT_LOC_STRINGS = YES;
				SWIFT_VERSION = 5.0;
				TARGETED_DEVICE_FAMILY = "1,2";
			};
			name = Debug;
		};
		CCF09AF82C5156DA0041A1E5 /* Release */ = {
			isa = XCBuildConfiguration;
			buildSettings = {
				ASSETCATALOG_COMPILER_APPICON_NAME = AppIcon;
				ASSETCATALOG_COMPILER_GLOBAL_ACCENT_COLOR_NAME = AccentColor;
				CODE_SIGN_STYLE = Automatic;
				CURRENT_PROJECT_VERSION = 1;
				DEVELOPMENT_TEAM = 3G9MAS76KK;
				GENERATE_INFOPLIST_FILE = YES;
				INFOPLIST_FILE = MyNoteApp/Info.plist;
				INFOPLIST_KEY_UIApplicationSupportsIndirectInputEvents = YES;
				INFOPLIST_KEY_UILaunchStoryboardName = LaunchScreen;
				INFOPLIST_KEY_UIMainStoryboardFile = Main;
				INFOPLIST_KEY_UISupportedInterfaceOrientations_iPad = "UIInterfaceOrientationPortrait UIInterfaceOrientationPortraitUpsideDown UIInterfaceOrientationLandscapeLeft UIInterfaceOrientationLandscapeRight";
				INFOPLIST_KEY_UISupportedInterfaceOrientations_iPhone = "UIInterfaceOrientationPortrait UIInterfaceOrientationLandscapeLeft UIInterfaceOrientationLandscapeRight";
				LD_RUNPATH_SEARCH_PATHS = (
					"$(inherited)",
					"@executable_path/Frameworks",
				);
				MARKETING_VERSION = 1.0;
				PRODUCT_BUNDLE_IDENTIFIER = com.oguz.MyNoteApp;
				PRODUCT_NAME = "$(TARGET_NAME)";
				SWIFT_EMIT_LOC_STRINGS = YES;
				SWIFT_VERSION = 5.0;
				TARGETED_DEVICE_FAMILY = "1,2";
			};
			name = Release;
		};
/* End XCBuildConfiguration section */

/* Begin XCConfigurationList section */
		CCF09ADA2C5156D80041A1E5 /* Build configuration list for PBXProject "MyNoteApp" */ = {
			isa = XCConfigurationList;
			buildConfigurations = (
				CCF09AF42C5156DA0041A1E5 /* Debug */,
				CCF09AF52C5156DA0041A1E5 /* Release */,
			);
			defaultConfigurationIsVisible = 0;
			defaultConfigurationName = Release;
		};
		CCF09AF62C5156DA0041A1E5 /* Build configuration list for PBXNativeTarget "MyNoteApp" */ = {
			isa = XCConfigurationList;
			buildConfigurations = (
				CCF09AF72C5156DA0041A1E5 /* Debug */,
				CCF09AF82C5156DA0041A1E5 /* Release */,
			);
			defaultConfigurationIsVisible = 0;
			defaultConfigurationName = Release;
		};
/* End XCConfigurationList section */

/* Begin XCVersionGroup section */
		CCF09AEB2C5156D80041A1E5 /* MyNoteApp.xcdatamodeld */ = {
			isa = XCVersionGroup;
			children = (
				CCF09AEC2C5156D80041A1E5 /* MyNoteApp.xcdatamodel */,
			);
			currentVersion = CCF09AEC2C5156D80041A1E5 /* MyNoteApp.xcdatamodel */;
			path = MyNoteApp.xcdatamodeld;
			sourceTree = "<group>";
			versionGroupType = wrapper.xcdatamodel;
		};
/* End XCVersionGroup section */
	};
	rootObject = CCF09AD72C5156D80041A1E5 /* Project object */;
}
